
Microsoft Visual Studio Solution File, Format Version 12.00
# Visual Studio Version 17
VisualStudioVersion = 17.0.31903.59
MinimumVisualStudioVersion = 10.0.40219.1
Project("{FAE04EC0-301F-11D3-BF4B-00C04F79EFBC}") = "Tic-Tac-Toe", "Tic-Tac-Toe\Tic-Tac-Toe.csproj", "{DE620618-54B2-409F-8C32-BE5EF9AEDCE6}"
EndProject
Project("{FAE04EC0-301F-11D3-BF4B-00C04F79EFBC}") = "Tic-Tac-Toe-console", "Tic-Tac-Toe-console\Tic-Tac-Toe-console.csproj", "{6B7EE1A5-8FA0-42EE-8065-FA4C78F55B13}"
EndProject
Global
	GlobalSection(SolutionConfigurationPlatforms) = preSolution
		Debug|Any CPU = Debug|Any CPU
		Release|Any CPU = Release|Any CPU
	EndGlobalSection
	GlobalSection(SolutionProperties) = preSolution
		HideSolutionNode = FALSE
	EndGlobalSection
	GlobalSection(ProjectConfigurationPlatforms) = postSolution
		{DE620618-54B2-409F-8C32-BE5EF9AEDCE6}.Debug|Any CPU.ActiveCfg = Debug|Any CPU
		{DE620618-54B2-409F-8C32-BE5EF9AEDCE6}.Debug|Any CPU.Build.0 = Debug|Any CPU
		{DE620618-54B2-409F-8C32-BE5EF9AEDCE6}.Release|Any CPU.ActiveCfg = Release|Any CPU
		{DE620618-54B2-409F-8C32-BE5EF9AEDCE6}.Release|Any CPU.Build.0 = Release|Any CPU
		{6B7EE1A5-8FA0-42EE-8065-FA4C78F55B13}.Debug|Any CPU.ActiveCfg = Debug|Any CPU
		{6B7EE1A5-8FA0-42EE-8065-FA4C78F55B13}.Debug|Any CPU.Build.0 = Debug|Any CPU
		{6B7EE1A5-8FA0-42EE-8065-FA4C78F55B13}.Release|Any CPU.ActiveCfg = Release|Any CPU
		{6B7EE1A5-8FA0-42EE-8065-FA4C78F55B13}.Release|Any CPU.Build.0 = Release|Any CPU
	EndGlobalSection
EndGlobal
